<?xml version="1.0" encoding="utf-8"?>
<Project ToolsVersion="4.0" xmlns="http://schemas.microsoft.com/developer/msbuild/2003">
  <ItemGroup>
    <Filter Include="Source Files">
      <UniqueIdentifier>{4FC737F1-C7A5-4376-A066-2A32D752A2FF}</UniqueIdentifier>
      <Extensions>cpp;c;cc;cxx;def;odl;idl;hpj;bat;asm;asmx</Extensions>
    </Filter>
    <Filter Include="Header Files">
      <UniqueIdentifier>{93995380-89BD-4b04-88EB-625FBE52EBFB}</UniqueIdentifier>
      <Extensions>h;hpp;hxx;hm;inl;inc;xsd</Extensions>
    </Filter>
    <Filter Include="Resource Files">
      <UniqueIdentifier>{67DA6AB6-F800-4c08-8B7A-83BB121AAD01}</UniqueIdentifier>
      <Extensions>rc;ico;cur;bmp;dlg;rc2;rct;bin;rgs;gif;jpg;jpeg;jpe;resx;tiff;tif;png;wav</Extensions>
    </Filter>
  </ItemGroup>
  <ItemGroup>
    <ClCompile Include="src\TagsViewBase\ConsoleOutputRedirector.cpp">
      <Filter>Source Files</Filter>
    </ClCompile>
    <ClCompile Include="src\TagsViewBase\CTagsResultParser.cpp">
      <Filter>Source Files</Filter>
    </ClCompile>
    <ClCompile Include="src\TagsViewBase\EditorWrapper.cpp">
      <Filter>Source Files</Filter>
    </ClCompile>
    <ClCompile Include="src\TagsViewBase\c_base\HexStr.c">
      <Filter>Source Files</Filter>
    </ClCompile>
    <ClCompile Include="src\TagsViewBase\OptionsManager.cpp">
      <Filter>Source Files</Filter>
    </ClCompile>
    <ClCompile Include="src\AkelTags\Plugin.cpp">
      <Filter>Source Files</Filter>
    </ClCompile>
    <ClCompile Include="src\TagsViewBase\SettingsDlg.cpp">
      <Filter>Source Files</Filter>
    </ClCompile>
    <ClCompile Include="src\TagsViewBase\TagsCommon.cpp">
      <Filter>Source Files</Filter>
    </ClCompile>
    <ClCompile Include="src\TagsViewBase\TagsDlg.cpp">
      <Filter>Source Files</Filter>
    </ClCompile>
    <ClCompile Include="src\TagsViewBase\TagsDlgChild.cpp">
      <Filter>Source Files</Filter>
    </ClCompile>
    <ClCompile Include="src\TagsViewBase\TagsDlgData.cpp">
      <Filter>Source Files</Filter>
    </ClCompile>
    <ClCompile Include="src\TagsViewBase\TagsFilterEdit.cpp">
      <Filter>Source Files</Filter>
    </ClCompile>
    <ClCompile Include="src\TagsViewBase\TagsListView.cpp">
      <Filter>Source Files</Filter>
    </ClCompile>
    <ClCompile Include="src\TagsViewBase\TagsTreeView.cpp">
      <Filter>Source Files</Filter>
    </ClCompile>
  </ItemGroup>
  <ItemGroup>
    <ClInclude Include="src\AkelTags\AkelDLL.h">
      <Filter>Header Files</Filter>
    </ClInclude>
    <ClInclude Include="src\AkelTags\AkelEdit.h">
      <Filter>Header Files</Filter>
    </ClInclude>
    <ClInclude Include="src\TagsViewBase\ConsoleOutputRedirector.h">
      <Filter>Header Files</Filter>
    </ClInclude>
    <ClInclude Include="src\TagsViewBase\CTagsResultParser.h">
      <Filter>Header Files</Filter>
    </ClInclude>
    <ClInclude Include="src\TagsViewBase\EditorWrapper.h">
      <Filter>Header Files</Filter>
    </ClInclude>
    <ClInclude Include="src\TagsViewBase\c_base\HexStr.h">
      <Filter>Header Files</Filter>
    </ClInclude>
    <ClInclude Include="src\TagsViewBase\OptionsManager.h">
      <Filter>Header Files</Filter>
    </ClInclude>
    <ClInclude Include="src\AkelTags\Plugin.h">
      <Filter>Header Files</Filter>
    </ClInclude>
    <ClInclude Include="src\TagsViewBase\resource.h">
      <Filter>Header Files</Filter>
    </ClInclude>
    <ClInclude Include="src\TagsViewBase\SettingsDlg.h">
      <Filter>Header Files</Filter>
    </ClInclude>
    <ClInclude Include="src\TagsViewBase\TagsCommon.h">
      <Filter>Header Files</Filter>
    </ClInclude>
    <ClInclude Include="src\TagsViewBase\TagsDlg.h">
      <Filter>Header Files</Filter>
    </ClInclude>
    <ClInclude Include="src\TagsViewBase\TagsDlgChild.h">
      <Filter>Header Files</Filter>
    </ClInclude>
    <ClInclude Include="src\TagsViewBase\TagsDlgData.h">
      <Filter>Header Files</Filter>
    </ClInclude>
    <ClInclude Include="src\TagsViewBase\TagsFilterEdit.h">
      <Filter>Header Files</Filter>
    </ClInclude>
    <ClInclude Include="src\TagsViewBase\TagsListView.h">
      <Filter>Header Files</Filter>
    </ClInclude>
    <ClInclude Include="src\TagsViewBase\TagsTreeView.h">
      <Filter>Header Files</Filter>
    </ClInclude>
  </ItemGroup>
  <ItemGroup>
    <ResourceCompile Include="src\AkelTags\Tags.rc">
      <Filter>Resource Files</Filter>
    </ResourceCompile>
  </ItemGroup>
</Project>